{
  "version": 4,
  "terraform_version": "1.13.5",
  "serial": 13,
  "lineage": "11c37843-d02e-515f-37df-f7b96d2395a7",
  "outputs": {
    "application_name": {
      "value": "sobhan",
      "type": "string"
    },
    "environment_prefix": {
      "value": "sobhan-wow-]v[\u0026@s",
      "type": "string"
    },
    "suffix": {
      "value": "]v[\u0026@s",
      "type": "string"
    }
  },
  "resources": [
    {
      "mode": "managed",
      "type": "random_string",
      "name": "suffix",
      "provider": "provider[\"registry.terraform.io/hashicorp/random\"]",
      "instances": [
        {
          "schema_version": 2,
          "attributes": {
            "id": "]v[\u0026@s",
            "keepers": null,
            "length": 6,
            "lower": true,
            "min_lower": 0,
            "min_numeric": 0,
            "min_special": 0,
            "min_upper": 0,
            "number": true,
            "numeric": true,
            "override_special": null,
            "result": "]v[\u0026@s",
            "special": true,
            "upper": false
          },
          "sensitive_attributes": [],
          "identity_schema_version": 0
        }
      ]
    }
  ],
  "check_results": null
}
